PODS:
  - GiphyCoreSDK (1.0.1)
  - SnapKit (4.0.0)

DEPENDENCIES:
  - GiphyCoreSDK
  - SnapKit (~> 4.0.0)

SPEC CHECKSUMS:
  GiphyCoreSDK: 8671cc9be3debd6c653cacf17240b1959bf0d5c4
  SnapKit: a42d492c16e80209130a3379f73596c3454b7694

PODFILE CHECKSUM: 8226179ecf6eb6f85150479ed096ebff4e35da11

COCOAPODS: 1.3.1
